# THIS IS AN AUTOGENERATED FILE. DO NOT EDIT THIS FILE DIRECTLY.
# yarn lockfile v1


"@bazel/bazelisk@^0.0.0-PLACEHOLDER":
  version "0.0.0-PLACEHOLDER"
  resolved "https://registry.yarnpkg.com/@bazel/bazelisk/-/bazelisk-0.0.0-PLACEHOLDER.tgz#bc2401ac6dc3c375e3299800c6273cbe817217c9"
  integrity sha512-wzbgwPh2+wb8f07TqZs5E/QsRUxVZ51KWP+4dAJ67l7TSv2w9UJ4mZ3Hh+f62eDx3hB8WI3xEEm+NrmjQCujmg==
